// !$*UTF8*$!
{
	archiveVersion = 1;
	classes = {
	};
	objectVersion = 77;
	objects = {

/* Begin PBXContainerItemProxy section */
		BBDD701E2CDF3B7000C02A4B /* PBXContainerItemProxy */ = {
			isa = PBXContainerItemProxy;
			containerPortal = BBDD70052CDF3B6F00C02A4B /* Project object */;
			proxyType = 1;
			remoteGlobalIDString = BBDD700C2CDF3B7000C02A4B;
			remoteInfo = CryCurCon;
		};
		BBDD70282CDF3B7000C02A4B /* PBXContainerItemProxy */ = {
			isa = PBXContainerItemProxy;
			containerPortal = BBDD70052CDF3B6F00C02A4B /* Project object */;
			proxyType = 1;
			remoteGlobalIDString = BBDD700C2CDF3B7000C02A4B;
			remoteInfo = CryCurCon;
		};
/* End PBXContainerItemProxy section */

/* Begin PBXFileReference section */
		BBDD700D2CDF3B7000C02A4B /* CryCurCon.app */ = {isa = PBXFileReference; explicitFileType = wrapper.application; includeInIndex = 0; path = CryCurCon.app; sourceTree = BUILT_PRODUCTS_DIR; };
		BBDD701D2CDF3B7000C02A4B /* CryCurConTests.xctest */ = {isa = PBXFileReference; explicitFileType = wrapper.cfbundle; includeInIndex = 0; path = CryCurConTests.xctest; sourceTree = BUILT_PRODUCTS_DIR; };
		BBDD70272CDF3B7000C02A4B /* CryCurConUITests.xctest */ = {isa = PBXFileReference; explicitFileType = wrapper.cfbundle; includeInIndex = 0; path = CryCurConUITests.xctest; sourceTree = BUILT_PRODUCTS_DIR; };
/* End PBXFileReference section */

/* Begin PBXFileSystemSynchronizedBuildFileExceptionSet section */
		BBAB5D3B2CE2519200FEFAAA /* Exceptions for "CryCurCon" folder in "CryCurCon" target */ = {
			isa = PBXFileSystemSynchronizedBuildFileExceptionSet;
			membershipExceptions = (
				.swift,
			);
			target = BBDD700C2CDF3B7000C02A4B /* CryCurCon */;
		};
/* End PBXFileSystemSynchronizedBuildFileExceptionSet section */

/* Begin PBXFileSystemSynchronizedGroupBuildPhaseMembershipExceptionSet section */
		BBAB5D3C2CE2519200FEFAAA /* Exceptions for "CryCurCon" folder in "Compile Sources" phase from "CryCurCon" target */ = {
			isa = PBXFileSystemSynchronizedGroupBuildPhaseMembershipExceptionSet;
			buildPhase = BBDD70092CDF3B7000C02A4B /* Sources */;
			membershipExceptions = (
				.swift,
			);
		};
/* End PBXFileSystemSynchronizedGroupBuildPhaseMembershipExceptionSet section */

/* Begin PBXFileSystemSynchronizedRootGroup section */
		BBDD700F2CDF3B7000C02A4B /* CryCurCon */ = {
			isa = PBXFileSystemSynchronizedRootGroup;
			exceptions = (
				BBAB5D3B2CE2519200FEFAAA /* Exceptions for "CryCurCon" folder in "CryCurCon" target */,
				BBAB5D3C2CE2519200FEFAAA /* Exceptions for "CryCurCon" folder in "Compile Sources" phase from "CryCurCon" target */,
			);
			path = CryCurCon;
			sourceTree = "<group>";
		};
		BBDD70202CDF3B7000C02A4B /* CryCurConTests */ = {
			isa = PBXFileSystemSynchronizedRootGroup;
			path = CryCurConTests;
			sourceTree = "<group>";
		};
		BBDD702A2CDF3B7000C02A4B /* CryCurConUITests */ = {
			isa = PBXFileSystemSynchronizedRootGroup;
			path = CryCurConUITests;
			sourceTree = "<group>";
		};
/* End PBXFileSystemSynchronizedRootGroup section */

/* Begin PBXFrameworksBuildPhase section */
		BBDD700A2CDF3B7000C02A4B /* Frameworks */ = {
			isa = PBXFrameworksBuildPhase;
			buildActionMask = 2147483647;
			files = (
			);
			runOnlyForDeploymentPostprocessing = 0;
		};
		BBDD701A2CDF3B7000C02A4B /* Frameworks */ = {
			isa = PBXFrameworksBuildPhase;
			buildActionMask = 2147483647;
			files = (
			);
			runOnlyForDeploymentPostprocessing = 0;
		};
		BBDD70242CDF3B7000C02A4B /* Frameworks */ = {
			isa = PBXFrameworksBuildPhase;
			buildActionMask = 2147483647;
			files = (
			);
			runOnlyForDeploymentPostprocessing = 0;
		};
/* End PBXFrameworksBuildPhase section */

/* Begin PBXGroup section */
		BBDD70042CDF3B6F00C02A4B = {
			isa = PBXGroup;
			children = (
				BBDD700F2CDF3B7000C02A4B /* CryCurCon */,
				BBDD70202CDF3B7000C02A4B /* CryCurConTests */,
				BBDD702A2CDF3B7000C02A4B /* CryCurConUITests */,
				BBDD700E2CDF3B7000C02A4B /* Products */,
			);
			sourceTree = "<group>";
		};
		BBDD700E2CDF3B7000C02A4B /* Products */ = {
			isa = PBXGroup;
			children = (
				BBDD700D2CDF3B7000C02A4B /* CryCurCon.app */,
				BBDD701D2CDF3B7000C02A4B /* CryCurConTests.xctest */,
				BBDD70272CDF3B7000C02A4B /* CryCurConUITests.xctest */,
			);
			name = Products;
			sourceTree = "<group>";
		};
/* End PBXGroup section */

/* Begin PBXNativeTarget section */
		BBDD700C2CDF3B7000C02A4B /* CryCurCon */ = {
			isa = PBXNativeTarget;
			buildConfigurationList = BBDD70312CDF3B7000C02A4B /* Build configuration list for PBXNativeTarget "CryCurCon" */;
			buildPhases = (
				BBDD70092CDF3B7000C02A4B /* Sources */,
				BBDD700A2CDF3B7000C02A4B /* Frameworks */,
				BBDD700B2CDF3B7000C02A4B /* Resources */,
			);
			buildRules = (
			);
			dependencies = (
			);
			fileSystemSynchronizedGroups = (
				BBDD700F2CDF3B7000C02A4B /* CryCurCon */,
			);
			name = CryCurCon;
			packageProductDependencies = (
			);
			productName = CryCurCon;
			productReference = BBDD700D2CDF3B7000C02A4B /* CryCurCon.app */;
			productType = "com.apple.product-type.application";
		};
		BBDD701C2CDF3B7000C02A4B /* CryCurConTests */ = {
			isa = PBXNativeTarget;
			buildConfigurationList = BBDD70342CDF3B7000C02A4B /* Build configuration list for PBXNativeTarget "CryCurConTests" */;
			buildPhases = (
				BBDD70192CDF3B7000C02A4B /* Sources */,
				BBDD701A2CDF3B7000C02A4B /* Frameworks */,
				BBDD701B2CDF3B7000C02A4B /* Resources */,
			);
			buildRules = (
			);
			dependencies = (
				BBDD701F2CDF3B7000C02A4B /* PBXTargetDependency */,
			);
			fileSystemSynchronizedGroups = (
				BBDD70202CDF3B7000C02A4B /* CryCurConTests */,
			);
			name = CryCurConTests;
			packageProductDependencies = (
			);
			productName = CryCurConTests;
			productReference = BBDD701D2CDF3B7000C02A4B /* CryCurConTests.xctest */;
			productType = "com.apple.product-type.bundle.unit-test";
		};
		BBDD70262CDF3B7000C02A4B /* CryCurConUITests */ = {
			isa = PBXNativeTarget;
			buildConfigurationList = BBDD70372CDF3B7000C02A4B /* Build configuration list for PBXNativeTarget "CryCurConUITests" */;
			buildPhases = (
				BBDD70232CDF3B7000C02A4B /* Sources */,
				BBDD70242CDF3B7000C02A4B /* Frameworks */,
				BBDD70252CDF3B7000C02A4B /* Resources */,
			);
			buildRules = (
			);
			dependencies = (
				BBDD70292CDF3B7000C02A4B /* PBXTargetDependency */,
			);
			fileSystemSynchronizedGroups = (
				BBDD702A2CDF3B7000C02A4B /* CryCurConUITests */,
			);
			name = CryCurConUITests;
			packageProductDependencies = (
			);
			productName = CryCurConUITests;
			productReference = BBDD70272CDF3B7000C02A4B /* CryCurConUITests.xctest */;
			productType = "com.apple.product-type.bundle.ui-testing";
		};
/* End PBXNativeTarget section */

/* Begin PBXProject section */
		BBDD70052CDF3B6F00C02A4B /* Project object */ = {
			isa = PBXProject;
			attributes = {
				BuildIndependentTargetsInParallel = 1;
				LastSwiftUpdateCheck = 1610;
				LastUpgradeCheck = 1610;
				TargetAttributes = {
					BBDD700C2CDF3B7000C02A4B = {
						CreatedOnToolsVersion = 16.1;
					};
					BBDD701C2CDF3B7000C02A4B = {
						CreatedOnToolsVersion = 16.1;
						TestTargetID = BBDD700C2CDF3B7000C02A4B;
					};
					BBDD70262CDF3B7000C02A4B = {
						CreatedOnToolsVersion = 16.1;
						TestTargetID = BBDD700C2CDF3B7000C02A4B;
					};
				};
			};
			buildConfigurationList = BBDD70082CDF3B6F00C02A4B /* Build configuration list for PBXProject "CryCurCon" */;
			developmentRegion = en;
			hasScannedForEncodings = 0;
			knownRegions = (
				en,
				Base,
			);
			mainGroup = BBDD70042CDF3B6F00C02A4B;
			minimizedProjectReferenceProxies = 1;
			preferredProjectObjectVersion = 77;
			productRefGroup = BBDD700E2CDF3B7000C02A4B /* Products */;
			projectDirPath = "";
			projectRoot = "";
			targets = (
				BBDD700C2CDF3B7000C02A4B /* CryCurCon */,
				BBDD701C2CDF3B7000C02A4B /* CryCurConTests */,
				BBDD70262CDF3B7000C02A4B /* CryCurConUITests */,
			);
		};
/* End PBXProject section */

/* Begin PBXResourcesBuildPhase section */
		BBDD700B2CDF3B7000C02A4B /* Resources */ = {
			isa = PBXResourcesBuildPhase;
			buildActionMask = 2147483647;
			files = (
			);
			runOnlyForDeploymentPostprocessing = 0;
		};
		BBDD701B2CDF3B7000C02A4B /* Resources */ = {
			isa = PBXResourcesBuildPhase;
			buildActionMask = 2147483647;
			files = (
			);
			runOnlyForDeploymentPostprocessing = 0;
		};
		BBDD70252CDF3B7000C02A4B /* Resources */ = {
			isa = PBXResourcesBuildPhase;
			buildActionMask = 2147483647;
			files = (
			);
			runOnlyForDeploymentPostprocessing = 0;
		};
/* End PBXResourcesBuildPhase section */

/* Begin PBXSourcesBuildPhase section */
		BBDD70092CDF3B7000C02A4B /* Sources */ = {
			isa = PBXSourcesBuildPhase;
			buildActionMask = 2147483647;
			files = (
			);
			runOnlyForDeploymentPostprocessing = 0;
		};
		BBDD70192CDF3B7000C02A4B /* Sources */ = {
			isa = PBXSourcesBuildPhase;
			buildActionMask = 2147483647;
			files = (
			);
			runOnlyForDeploymentPostprocessing = 0;
		};
		BBDD70232CDF3B7000C02A4B /* Sources */ = {
			isa = PBXSourcesBuildPhase;
			buildActionMask = 2147483647;
			files = (
			);
			runOnlyForDeploymentPostprocessing = 0;
		};
/* End PBXSourcesBuildPhase section */

/* Begin PBXTargetDependency section */
		BBDD701F2CDF3B7000C02A4B /* PBXTargetDependency */ = {
			isa = PBXTargetDependency;
			target = BBDD700C2CDF3B7000C02A4B /* CryCurCon */;
			targetProxy = BBDD701E2CDF3B7000C02A4B /* PBXContainerItemProxy */;
		};
		BBDD70292CDF3B7000C02A4B /* PBXTargetDependency */ = {
			isa = PBXTargetDependency;
			target = BBDD700C2CDF3B7000C02A4B /* CryCurCon */;
			targetProxy = BBDD70282CDF3B7000C02A4B /* PBXContainerItemProxy */;
		};
/* End PBXTargetDependency section */

/* Begin XCBuildConfiguration section */
		BBDD702F2CDF3B7000C02A4B /* Debug */ = {
			isa = XCBuildConfiguration;
			buildSettings = {
				ALWAYS_SEARCH_USER_PATHS = NO;
				ASSETCATALOG_COMPILER_GENERATE_SWIFT_ASSET_SYMBOL_EXTENSIONS = YES;
				CLANG_ANALYZER_NONNULL = YES;
				CLANG_ANALYZER_NUMBER_OBJECT_CONVERSION = YES_AGGRESSIVE;
				CLANG_CXX_LANGUAGE_STANDARD = "gnu++20";
				CLANG_ENABLE_MODULES = YES;
				CLANG_ENABLE_OBJC_ARC = YES;
				CLANG_ENABLE_OBJC_WEAK = YES;
				CLANG_WARN_BLOCK_CAPTURE_AUTORELEASING = YES;
				CLANG_WARN_BOOL_CONVERSION = YES;
				CLANG_WARN_COMMA = YES;
				CLANG_WARN_CONSTANT_CONVERSION = YES;
				CLANG_WARN_DEPRECATED_OBJC_IMPLEMENTATIONS = YES;
				CLANG_WARN_DIRECT_OBJC_ISA_USAGE = YES_ERROR;
				CLANG_WARN_DOCUMENTATION_COMMENTS = YES;
				CLANG_WARN_EMPTY_BODY = YES;
				CLANG_WARN_ENUM_CONVERSION = YES;
				CLANG_WARN_INFINITE_RECURSION = YES;
				CLANG_WARN_INT_CONVERSION = YES;
				CLANG_WARN_NON_LITERAL_NULL_CONVERSION = YES;
				CLANG_WARN_OBJC_IMPLICIT_RETAIN_SELF = YES;
				CLANG_WARN_OBJC_LITERAL_CONVERSION = YES;
				CLANG_WARN_OBJC_ROOT_CLASS = YES_ERROR;
				CLANG_WARN_QUOTED_INCLUDE_IN_FRAMEWORK_HEADER = YES;
				CLANG_WARN_RANGE_LOOP_ANALYSIS = YES;
				CLANG_WARN_STRICT_PROTOTYPES = YES;
				CLANG_WARN_SUSPICIOUS_MOVE = YES;
				CLANG_WARN_UNGUARDED_AVAILABILITY = YES_AGGRESSIVE;
				CLANG_WARN_UNREACHABLE_CODE = YES;
				CLANG_WARN__DUPLICATE_METHOD_MATCH = YES;
				COPY_PHASE_STRIP = NO;
				DEBUG_INFORMATION_FORMAT = dwarf;
				ENABLE_STRICT_OBJC_MSGSEND = YES;
				ENABLE_TESTABILITY = YES;
				ENABLE_USER_SCRIPT_SANDBOXING = YES;
				GCC_C_LANGUAGE_STANDARD = gnu17;
				GCC_DYNAMIC_NO_PIC = NO;
				GCC_NO_COMMON_BLOCKS = YES;
				GCC_OPTIMIZATION_LEVEL = 0;
				GCC_PREPROCESSOR_DEFINITIONS = (
					"DEBUG=1",
					"$(inherited)",
				);
				GCC_WARN_64_TO_32_BIT_CONVERSION = YES;
				GCC_WARN_ABOUT_RETURN_TYPE = YES_ERROR;
				GCC_WARN_UNDECLARED_SELECTOR = YES;
				GCC_WARN_UNINITIALIZED_AUTOS = YES_AGGRESSIVE;
				GCC_WARN_UNUSED_FUNCTION = YES;
				GCC_WARN_UNUSED_VARIABLE = YES;
				IPHONEOS_DEPLOYMENT_TARGET = 18.1;
				LOCALIZATION_PREFERS_STRING_CATALOGS = YES;
				MTL_ENABLE_DEBUG_INFO = INCLUDE_SOURCE;
				MTL_FAST_MATH = YES;
				ONLY_ACTIVE_ARCH = YES;
				SDKROOT = iphoneos;
				SWIFT_ACTIVE_COMPILATION_CONDITIONS = "DEBUG $(inherited)";
				SWIFT_OPTIMIZATION_LEVEL = "-Onone";
			};
			name = Debug;
		};
		BBDD70302CDF3B7000C02A4B /* Release */ = {
			isa = XCBuildConfiguration;
			buildSettings = {
				ALWAYS_SEARCH_USER_PATHS = NO;
				ASSETCATALOG_COMPILER_GENERATE_SWIFT_ASSET_SYMBOL_EXTENSIONS = YES;
				CLANG_ANALYZER_NONNULL = YES;
				CLANG_ANALYZER_NUMBER_OBJECT_CONVERSION = YES_AGGRESSIVE;
				CLANG_CXX_LANGUAGE_STANDARD = "gnu++20";
				CLANG_ENABLE_MODULES = YES;
				CLANG_ENABLE_OBJC_ARC = YES;
				CLANG_ENABLE_OBJC_WEAK = YES;
				CLANG_WARN_BLOCK_CAPTURE_AUTORELEASING = YES;
				CLANG_WARN_BOOL_CONVERSION = YES;
				CLANG_WARN_COMMA = YES;
				CLANG_WARN_CONSTANT_CONVERSION = YES;
				CLANG_WARN_DEPRECATED_OBJC_IMPLEMENTATIONS = YES;
				CLANG_WARN_DIRECT_OBJC_ISA_USAGE = YES_ERROR;
				CLANG_WARN_DOCUMENTATION_COMMENTS = YES;
				CLANG_WARN_EMPTY_BODY = YES;
				CLANG_WARN_ENUM_CONVERSION = YES;
				CLANG_WARN_INFINITE_RECURSION = YES;
				CLANG_WARN_INT_CONVERSION = YES;
				CLANG_WARN_NON_LITERAL_NULL_CONVERSION = YES;
				CLANG_WARN_OBJC_IMPLICIT_RETAIN_SELF = YES;
				CLANG_WARN_OBJC_LITERAL_CONVERSION = YES;
				CLANG_WARN_OBJC_ROOT_CLASS = YES_ERROR;
				CLANG_WARN_QUOTED_INCLUDE_IN_FRAMEWORK_HEADER = YES;
				CLANG_WARN_RANGE_LOOP_ANALYSIS = YES;
				CLANG_WARN_STRICT_PROTOTYPES = YES;
				CLANG_WARN_SUSPICIOUS_MOVE = YES;
				CLANG_WARN_UNGUARDED_AVAILABILITY = YES_AGGRESSIVE;
				CLANG_WARN_UNREACHABLE_CODE = YES;
				CLANG_WARN__DUPLICATE_METHOD_MATCH = YES;
				COPY_PHASE_STRIP = NO;
				DEBUG_INFORMATION_FORMAT = "dwarf-with-dsym";
				ENABLE_NS_ASSERTIONS = NO;
				ENABLE_STRICT_OBJC_MSGSEND = YES;
				ENABLE_USER_SCRIPT_SANDBOXING = YES;
				GCC_C_LANGUAGE_STANDARD = gnu17;
				GCC_NO_COMMON_BLOCKS = YES;
				GCC_WARN_64_TO_32_BIT_CONVERSION = YES;
				GCC_WARN_ABOUT_RETURN_TYPE = YES_ERROR;
				GCC_WARN_UNDECLARED_SELECTOR = YES;
				GCC_WARN_UNINITIALIZED_AUTOS = YES_AGGRESSIVE;
				GCC_WARN_UNUSED_FUNCTION = YES;
				GCC_WARN_UNUSED_VARIABLE = YES;
				IPHONEOS_DEPLOYMENT_TARGET = 18.1;
				LOCALIZATION_PREFERS_STRING_CATALOGS = YES;
				MTL_ENABLE_DEBUG_INFO = NO;
				MTL_FAST_MATH = YES;
				SDKROOT = iphoneos;
				SWIFT_COMPILATION_MODE = wholemodule;
				VALIDATE_PRODUCT = YES;
			};
			name = Release;
		};
		BBDD70322CDF3B7000C02A4B /* Debug */ = {
			isa = XCBuildConfiguration;
			buildSettings = {
				ASSETCATALOG_COMPILER_APPICON_NAME = AppIcon;
				ASSETCATALOG_COMPILER_GLOBAL_ACCENT_COLOR_NAME = AccentColor;
				CODE_SIGN_STYLE = Automatic;
				CURRENT_PROJECT_VERSION = 1;
				DEVELOPMENT_ASSET_PATHS = "\"CryCurCon/Preview Content\"";
				DEVELOPMENT_TEAM = 3S2H3L7NG7;
				ENABLE_PREVIEWS = YES;
				GENERATE_INFOPLIST_FILE = YES;
				INFOPLIST_KEY_UIApplicationSceneManifest_Generation = YES;
				INFOPLIST_KEY_UIApplicationSupportsIndirectInputEvents = YES;
				INFOPLIST_KEY_UILaunchScreen_Generation = YES;
				INFOPLIST_KEY_UISupportedInterfaceOrientations_iPad = "UIInterfaceOrientationPortrait UIInterfaceOrientationPortraitUpsideDown UIInterfaceOrientationLandscapeLeft UIInterfaceOrientationLandscapeRight";
				INFOPLIST_KEY_UISupportedInterfaceOrientations_iPhone = "UIInterfaceOrientationPortrait UIInterfaceOrientationLandscapeLeft UIInterfaceOrientationLandscapeRight";
				IPHONEOS_DEPLOYMENT_TARGET = 15.6;
				LD_RUNPATH_SEARCH_PATHS = (
					"$(inherited)",
					"@executable_path/Frameworks",
				);
				MARKETING_VERSION = 1.0;
				PRODUCT_BUNDLE_IDENTIFIER = com.example.CryCurCon;
				PRODUCT_NAME = "$(TARGET_NAME)";
				SWIFT_EMIT_LOC_STRINGS = YES;
				SWIFT_VERSION = 5.0;
				TARGETED_DEVICE_FAMILY = "1,2";
			};
			name = Debug;
		};
		BBDD70332CDF3B7000C02A4B /* Release */ = {
			isa = XCBuildConfiguration;
			buildSettings = {
				ASSETCATALOG_COMPILER_APPICON_NAME = AppIcon;
				ASSETCATALOG_COMPILER_GLOBAL_ACCENT_COLOR_NAME = AccentColor;
				CODE_SIGN_STYLE = Automatic;
				CURRENT_PROJECT_VERSION = 1;
				DEVELOPMENT_ASSET_PATHS = "\"CryCurCon/Preview Content\"";
				DEVELOPMENT_TEAM = 3S2H3L7NG7;
				ENABLE_PREVIEWS = YES;
				GENERATE_INFOPLIST_FILE = YES;
				INFOPLIST_KEY_UIApplicationSceneManifest_Generation = YES;
				INFOPLIST_KEY_UIApplicationSupportsIndirectInputEvents = YES;
				INFOPLIST_KEY_UILaunchScreen_Generation = YES;
				INFOPLIST_KEY_UISupportedInterfaceOrientations_iPad = "UIInterfaceOrientationPortrait UIInterfaceOrientationPortraitUpsideDown UIInterfaceOrientationLandscapeLeft UIInterfaceOrientationLandscapeRight";
				INFOPLIST_KEY_UISupportedInterfaceOrientations_iPhone = "UIInterfaceOrientationPortrait UIInterfaceOrientationLandscapeLeft UIInterfaceOrientationLandscapeRight";
				IPHONEOS_DEPLOYMENT_TARGET = 15.6;
				LD_RUNPATH_SEARCH_PATHS = (
					"$(inherited)",
					"@executable_path/Frameworks",
				);
				MARKETING_VERSION = 1.0;
				PRODUCT_BUNDLE_IDENTIFIER = com.example.CryCurCon;
				PRODUCT_NAME = "$(TARGET_NAME)";
				SWIFT_EMIT_LOC_STRINGS = YES;
				SWIFT_VERSION = 5.0;
				TARGETED_DEVICE_FAMILY = "1,2";
			};
			name = Release;
		};
		BBDD70352CDF3B7000C02A4B /* Debug */ = {
			isa = XCBuildConfiguration;
			buildSettings = {
				BUNDLE_LOADER = "$(TEST_HOST)";
				CODE_SIGN_STYLE = Automatic;
				CURRENT_PROJECT_VERSION = 1;
				GENERATE_INFOPLIST_FILE = YES;
				IPHONEOS_DEPLOYMENT_TARGET = 18.1;
				MARKETING_VERSION = 1.0;
				PRODUCT_BUNDLE_IDENTIFIER = com.example.CryCurConTests;
				PRODUCT_NAME = "$(TARGET_NAME)";
				SWIFT_EMIT_LOC_STRINGS = NO;
				SWIFT_VERSION = 5.0;
				TARGETED_DEVICE_FAMILY = "1,2";
				TEST_HOST = "$(BUILT_PRODUCTS_DIR)/CryCurCon.app/$(BUNDLE_EXECUTABLE_FOLDER_PATH)/CryCurCon";
			};
			name = Debug;
		};
		BBDD70362CDF3B7000C02A4B /* Release */ = {
			isa = XCBuildConfiguration;
			buildSettings = {
				BUNDLE_LOADER = "$(TEST_HOST)";
				CODE_SIGN_STYLE = Automatic;
				CURRENT_PROJECT_VERSION = 1;
				GENERATE_INFOPLIST_FILE = YES;
				IPHONEOS_DEPLOYMENT_TARGET = 18.1;
				MARKETING_VERSION = 1.0;
				PRODUCT_BUNDLE_IDENTIFIER = com.example.CryCurConTests;
				PRODUCT_NAME = "$(TARGET_NAME)";
				SWIFT_EMIT_LOC_STRINGS = NO;
				SWIFT_VERSION = 5.0;
				TARGETED_DEVICE_FAMILY = "1,2";
				TEST_HOST = "$(BUILT_PRODUCTS_DIR)/CryCurCon.app/$(BUNDLE_EXECUTABLE_FOLDER_PATH)/CryCurCon";
			};
			name = Release;
		};
		BBDD70382CDF3B7000C02A4B /* Debug */ = {
			isa = XCBuildConfiguration;
			buildSettings = {
				CODE_SIGN_STYLE = Automatic;
				CURRENT_PROJECT_VERSION = 1;
				GENERATE_INFOPLIST_FILE = YES;
				MARKETING_VERSION = 1.0;
				PRODUCT_BUNDLE_IDENTIFIER = com.example.CryCurConUITests;
				PRODUCT_NAME = "$(TARGET_NAME)";
				SWIFT_EMIT_LOC_STRINGS = NO;
				SWIFT_VERSION = 5.0;
				TARGETED_DEVICE_FAMILY = "1,2";
				TEST_TARGET_NAME = CryCurCon;
			};
			name = Debug;
		};
		BBDD70392CDF3B7000C02A4B /* Release */ = {
			isa = XCBuildConfiguration;
			buildSettings = {
				CODE_SIGN_STYLE = Automatic;
				CURRENT_PROJECT_VERSION = 1;
				GENERATE_INFOPLIST_FILE = YES;
				MARKETING_VERSION = 1.0;
				PRODUCT_BUNDLE_IDENTIFIER = com.example.CryCurConUITests;
				PRODUCT_NAME = "$(TARGET_NAME)";
				SWIFT_EMIT_LOC_STRINGS = NO;
				SWIFT_VERSION = 5.0;
				TARGETED_DEVICE_FAMILY = "1,2";
				TEST_TARGET_NAME = CryCurCon;
			};
			name = Release;
		};
/* End XCBuildConfiguration section */

/* Begin XCConfigurationList section */
		BBDD70082CDF3B6F00C02A4B /* Build configuration list for PBXProject "CryCurCon" */ = {
			isa = XCConfigurationList;
			buildConfigurations = (
				BBDD702F2CDF3B7000C02A4B /* Debug */,
				BBDD70302CDF3B7000C02A4B /* Release */,
			);
			defaultConfigurationIsVisible = 0;
			defaultConfigurationName = Release;
		};
		BBDD70312CDF3B7000C02A4B /* Build configuration list for PBXNativeTarget "CryCurCon" */ = {
			isa = XCConfigurationList;
			buildConfigurations = (
				BBDD70322CDF3B7000C02A4B /* Debug */,
				BBDD70332CDF3B7000C02A4B /* Release */,
			);
			defaultConfigurationIsVisible = 0;
			defaultConfigurationName = Release;
		};
		BBDD70342CDF3B7000C02A4B /* Build configuration list for PBXNativeTarget "CryCurConTests" */ = {
			isa = XCConfigurationList;
			buildConfigurations = (
				BBDD70352CDF3B7000C02A4B /* Debug */,
				BBDD70362CDF3B7000C02A4B /* Release */,
			);
			defaultConfigurationIsVisible = 0;
			defaultConfigurationName = Release;
		};
		BBDD70372CDF3B7000C02A4B /* Build configuration list for PBXNativeTarget "CryCurConUITests" */ = {
			isa = XCConfigurationList;
			buildConfigurations = (
				BBDD70382CDF3B7000C02A4B /* Debug */,
				BBDD70392CDF3B7000C02A4B /* Release */,
			);
			defaultConfigurationIsVisible = 0;
			defaultConfigurationName = Release;
		};
/* End XCConfigurationList section */
	};
	rootObject = BBDD70052CDF3B6F00C02A4B /* Project object */;
}
